// !$*UTF8*$!
{
	archiveVersion = 1;
	classes = {
	};
	objectVersion = 56;
	objects = {

/* Begin PBXBuildFile section */
		3C0D8D4A2982C27B00EBADE9 /* WarningView.swift in Sources */ = {isa = PBXBuildFile; fileRef = 3C0D8D492982C27B00EBADE9 /* WarningView.swift */; };
		3C2AB9D6298FB04900BC90B9 /* SetupView.swift in Sources */ = {isa = PBXBuildFile; fileRef = 3C2AB9D5298FB04900BC90B9 /* SetupView.swift */; };
		3C2AB9DD298FD90800BC90B9 /* FinishSetupView.swift in Sources */ = {isa = PBXBuildFile; fileRef = 3C2AB9DC298FD90800BC90B9 /* FinishSetupView.swift */; };
		3C2AB9DF298FE0E500BC90B9 /* SetupContainer.swift in Sources */ = {isa = PBXBuildFile; fileRef = 3C2AB9DE298FE0E500BC90B9 /* SetupContainer.swift */; };
		3C5B8FDA2929551F004AC381 /* ProcessDetails.swift in Sources */ = {isa = PBXBuildFile; fileRef = 3C5B8FD92929551F004AC381 /* ProcessDetails.swift */; };
		3C60D4F52921ED1200283F91 /* MemoryInfoViewModel.swift in Sources */ = {isa = PBXBuildFile; fileRef = 3C60D4F42921ED1200283F91 /* MemoryInfoViewModel.swift */; };
		3C6ED59E2995EE1500096978 /* MainWindow.swift in Sources */ = {isa = PBXBuildFile; fileRef = 3C6ED59D2995EE1500096978 /* MainWindow.swift */; };
		3C6ED5A02995EEA700096978 /* AppDelegate.swift in Sources */ = {isa = PBXBuildFile; fileRef = 3C6ED59F2995EEA700096978 /* AppDelegate.swift */; };
		3C6ED5A229969C2200096978 /* MainWindowManager.swift in Sources */ = {isa = PBXBuildFile; fileRef = 3C6ED5A129969C2200096978 /* MainWindowManager.swift */; };
		3C7B54462B00BA79008B6A97 /* GetMemoryPressure.sh in Sources */ = {isa = PBXBuildFile; fileRef = 3C7B54452B00BA78008B6A97 /* GetMemoryPressure.sh */; };
		3C7B54482B00C2DB008B6A97 /* GetProcessInfo.sh in Resources */ = {isa = PBXBuildFile; fileRef = 3C2AB9D9298FB89B00BC90B9 /* GetProcessInfo.sh */; };
		3C7B54492B00C2DB008B6A97 /* KillProcess.sh in Resources */ = {isa = PBXBuildFile; fileRef = 3C814212299E784500B6B568 /* KillProcess.sh */; };
		3C7B544A2B00C2DB008B6A97 /* GetMemoryPressure.sh in Resources */ = {isa = PBXBuildFile; fileRef = 3C7B54452B00BA78008B6A97 /* GetMemoryPressure.sh */; };
		3CA351912939A7E900E3735C /* SettingsView.swift in Sources */ = {isa = PBXBuildFile; fileRef = 3CA351902939A7E900E3735C /* SettingsView.swift */; };
		3CB5E64F298580520032D906 /* MenuBarView.swift in Sources */ = {isa = PBXBuildFile; fileRef = 3CB5E64E298580520032D906 /* MenuBarView.swift */; };
		3CD43270291FB9FF0020B7FB /* TurboRAMApp.swift in Sources */ = {isa = PBXBuildFile; fileRef = 3CD4326F291FB9FF0020B7FB /* TurboRAMApp.swift */; };
		3CD43272291FB9FF0020B7FB /* HomeView.swift in Sources */ = {isa = PBXBuildFile; fileRef = 3CD43271291FB9FF0020B7FB /* HomeView.swift */; };
		3CD43274291FBA000020B7FB /* Assets.xcassets in Resources */ = {isa = PBXBuildFile; fileRef = 3CD43273291FBA000020B7FB /* Assets.xcassets */; };
		3CD43277291FBA000020B7FB /* Preview Assets.xcassets in Resources */ = {isa = PBXBuildFile; fileRef = 3CD43276291FBA000020B7FB /* Preview Assets.xcassets */; };
/* End PBXBuildFile section */

/* Begin PBXFileReference section */
		3C0D8D492982C27B00EBADE9 /* WarningView.swift */ = {isa = PBXFileReference; lastKnownFileType = sourcecode.swift; path = WarningView.swift; sourceTree = "<group>"; };
		3C2AB9D5298FB04900BC90B9 /* SetupView.swift */ = {isa = PBXFileReference; lastKnownFileType = sourcecode.swift; path = SetupView.swift; sourceTree = "<group>"; };
		3C2AB9D9298FB89B00BC90B9 /* GetProcessInfo.sh */ = {isa = PBXFileReference; fileEncoding = 4; lastKnownFileType = text.script.sh; name = GetProcessInfo.sh; path = TurboRAM/Scripts/GetProcessInfo.sh; sourceTree = SOURCE_ROOT; };
		3C2AB9DC298FD90800BC90B9 /* FinishSetupView.swift */ = {isa = PBXFileReference; lastKnownFileType = sourcecode.swift; path = FinishSetupView.swift; sourceTree = "<group>"; };
		3C2AB9DE298FE0E500BC90B9 /* SetupContainer.swift */ = {isa = PBXFileReference; lastKnownFileType = sourcecode.swift; path = SetupContainer.swift; sourceTree = "<group>"; };
		3C5B8FD92929551F004AC381 /* ProcessDetails.swift */ = {isa = PBXFileReference; lastKnownFileType = sourcecode.swift; path = ProcessDetails.swift; sourceTree = "<group>"; };
		3C60D4F42921ED1200283F91 /* MemoryInfoViewModel.swift */ = {isa = PBXFileReference; lastKnownFileType = sourcecode.swift; path = MemoryInfoViewModel.swift; sourceTree = "<group>"; };
		3C6ED59D2995EE1500096978 /* MainWindow.swift */ = {isa = PBXFileReference; lastKnownFileType = sourcecode.swift; path = MainWindow.swift; sourceTree = "<group>"; };
		3C6ED59F2995EEA700096978 /* AppDelegate.swift */ = {isa = PBXFileReference; lastKnownFileType = sourcecode.swift; path = AppDelegate.swift; sourceTree = "<group>"; };
		3C6ED5A129969C2200096978 /* MainWindowManager.swift */ = {isa = PBXFileReference; lastKnownFileType = sourcecode.swift; path = MainWindowManager.swift; sourceTree = "<group>"; };
		3C7B54452B00BA78008B6A97 /* GetMemoryPressure.sh */ = {isa = PBXFileReference; lastKnownFileType = text.script.sh; path = GetMemoryPressure.sh; sourceTree = "<group>"; };
		3C814212299E784500B6B568 /* KillProcess.sh */ = {isa = PBXFileReference; fileEncoding = 4; lastKnownFileType = text.script.sh; path = KillProcess.sh; sourceTree = "<group>"; };
		3CA351902939A7E900E3735C /* SettingsView.swift */ = {isa = PBXFileReference; lastKnownFileType = sourcecode.swift; path = SettingsView.swift; sourceTree = "<group>"; };
		3CB5E64E298580520032D906 /* MenuBarView.swift */ = {isa = PBXFileReference; lastKnownFileType = sourcecode.swift; path = MenuBarView.swift; sourceTree = "<group>"; };
		3CD4326C291FB9FF0020B7FB /* TurboRAM.app */ = {isa = PBXFileReference; explicitFileType = wrapper.application; includeInIndex = 0; path = TurboRAM.app; sourceTree = BUILT_PRODUCTS_DIR; };
		3CD4326F291FB9FF0020B7FB /* TurboRAMApp.swift */ = {isa = PBXFileReference; lastKnownFileType = sourcecode.swift; path = TurboRAMApp.swift; sourceTree = "<group>"; };
		3CD43271291FB9FF0020B7FB /* HomeView.swift */ = {isa = PBXFileReference; lastKnownFileType = sourcecode.swift; path = HomeView.swift; sourceTree = "<group>"; };
		3CD43273291FBA000020B7FB /* Assets.xcassets */ = {isa = PBXFileReference; lastKnownFileType = folder.assetcatalog; path = Assets.xcassets; sourceTree = "<group>"; };
		3CD43276291FBA000020B7FB /* Preview Assets.xcassets */ = {isa = PBXFileReference; lastKnownFileType = folder.assetcatalog; path = "Preview Assets.xcassets"; sourceTree = "<group>"; };
		3CD43278291FBA000020B7FB /* TurboRAM.entitlements */ = {isa = PBXFileReference; lastKnownFileType = text.plist.entitlements; path = TurboRAM.entitlements; sourceTree = "<group>"; };
/* End PBXFileReference section */

/* Begin PBXFrameworksBuildPhase section */
		3CD43269291FB9FF0020B7FB /* Frameworks */ = {
			isa = PBXFrameworksBuildPhase;
			buildActionMask = 2147483647;
			files = (
			);
			runOnlyForDeploymentPostprocessing = 0;
		};
/* End PBXFrameworksBuildPhase section */

/* Begin PBXGroup section */
		3C2AB9DB298FD8F900BC90B9 /* Setup */ = {
			isa = PBXGroup;
			children = (
				3C2AB9D5298FB04900BC90B9 /* SetupView.swift */,
				3C2AB9DE298FE0E500BC90B9 /* SetupContainer.swift */,
				3C2AB9DC298FD90800BC90B9 /* FinishSetupView.swift */,
			);
			path = Setup;
			sourceTree = "<group>";
		};
		3C60D4F32921ED0200283F91 /* Model */ = {
			isa = PBXGroup;
			children = (
				3C60D4F42921ED1200283F91 /* MemoryInfoViewModel.swift */,
				3C5B8FD92929551F004AC381 /* ProcessDetails.swift */,
			);
			path = Model;
			sourceTree = "<group>";
		};
		3C6ED5A32996A19100096978 /* MainWindow */ = {
			isa = PBXGroup;
			children = (
				3C6ED59D2995EE1500096978 /* MainWindow.swift */,
				3C6ED5A129969C2200096978 /* MainWindowManager.swift */,
			);
			path = MainWindow;
			sourceTree = "<group>";
		};
		3C6ED5A42996A1A800096978 /* Main */ = {
			isa = PBXGroup;
			children = (
				3CD43271291FB9FF0020B7FB /* HomeView.swift */,
				3C0D8D492982C27B00EBADE9 /* WarningView.swift */,
				3CA351902939A7E900E3735C /* SettingsView.swift */,
			);
			path = Main;
			sourceTree = "<group>";
		};
		3C6ED5A52996A1B300096978 /* Menu Bar */ = {
			isa = PBXGroup;
			children = (
				3CB5E64E298580520032D906 /* MenuBarView.swift */,
			);
			path = "Menu Bar";
			sourceTree = "<group>";
		};
		3C72104129AEC16800B56523 /* Scripts */ = {
			isa = PBXGroup;
			children = (
				3C2AB9D9298FB89B00BC90B9 /* GetProcessInfo.sh */,
				3C814212299E784500B6B568 /* KillProcess.sh */,
				3C7B54452B00BA78008B6A97 /* GetMemoryPressure.sh */,
			);
			path = Scripts;
			sourceTree = "<group>";
		};
		3CA3518F2939A7DA00E3735C /* Views */ = {
			isa = PBXGroup;
			children = (
				3C2AB9DB298FD8F900BC90B9 /* Setup */,
				3C6ED5A42996A1A800096978 /* Main */,
				3C6ED5A52996A1B300096978 /* Menu Bar */,
			);
			path = Views;
			sourceTree = "<group>";
		};
		3CD43263291FB9FF0020B7FB = {
			isa = PBXGroup;
			children = (
				3CD4326E291FB9FF0020B7FB /* TurboRAM */,
				3CD4326D291FB9FF0020B7FB /* Products */,
			);
			sourceTree = "<group>";
		};
		3CD4326D291FB9FF0020B7FB /* Products */ = {
			isa = PBXGroup;
			children = (
				3CD4326C291FB9FF0020B7FB /* TurboRAM.app */,
			);
			name = Products;
			sourceTree = "<group>";
		};
		3CD4326E291FB9FF0020B7FB /* TurboRAM */ = {
			isa = PBXGroup;
			children = (
				3CD4326F291FB9FF0020B7FB /* TurboRAMApp.swift */,
				3CA3518F2939A7DA00E3735C /* Views */,
				3C6ED5A32996A19100096978 /* MainWindow */,
				3C60D4F32921ED0200283F91 /* Model */,
				3C72104129AEC16800B56523 /* Scripts */,
				3C6ED59F2995EEA700096978 /* AppDelegate.swift */,
				3CD43273291FBA000020B7FB /* Assets.xcassets */,
				3CD43278291FBA000020B7FB /* TurboRAM.entitlements */,
				3CD43275291FBA000020B7FB /* Preview Content */,
			);
			path = TurboRAM;
			sourceTree = "<group>";
		};
		3CD43275291FBA000020B7FB /* Preview Content */ = {
			isa = PBXGroup;
			children = (
				3CD43276291FBA000020B7FB /* Preview Assets.xcassets */,
			);
			path = "Preview Content";
			sourceTree = "<group>";
		};
/* End PBXGroup section */

/* Begin PBXNativeTarget section */
		3CD4326B291FB9FF0020B7FB /* TurboRAM */ = {
			isa = PBXNativeTarget;
			buildConfigurationList = 3CD4327B291FBA000020B7FB /* Build configuration list for PBXNativeTarget "TurboRAM" */;
			buildPhases = (
				3CD43268291FB9FF0020B7FB /* Sources */,
				3CD43269291FB9FF0020B7FB /* Frameworks */,
				3CD4326A291FB9FF0020B7FB /* Resources */,
			);
			buildRules = (
			);
			dependencies = (
			);
			name = TurboRAM;
			packageProductDependencies = (
			);
			productName = TurboRAM;
			productReference = 3CD4326C291FB9FF0020B7FB /* TurboRAM.app */;
			productType = "com.apple.product-type.application";
		};
/* End PBXNativeTarget section */

/* Begin PBXProject section */
		3CD43264291FB9FF0020B7FB /* Project object */ = {
			isa = PBXProject;
			attributes = {
				BuildIndependentTargetsInParallel = 1;
				LastSwiftUpdateCheck = 1410;
				LastUpgradeCheck = 1420;
				TargetAttributes = {
					3CD4326B291FB9FF0020B7FB = {
						CreatedOnToolsVersion = 14.1;
					};
				};
			};
			buildConfigurationList = 3CD43267291FB9FF0020B7FB /* Build configuration list for PBXProject "TurboRAM" */;
			compatibilityVersion = "Xcode 14.0";
			developmentRegion = en;
			hasScannedForEncodings = 0;
			knownRegions = (
				en,
				Base,
			);
			mainGroup = 3CD43263291FB9FF0020B7FB;
			packageReferences = (
			);
			productRefGroup = 3CD4326D291FB9FF0020B7FB /* Products */;
			projectDirPath = "";
			projectRoot = "";
			targets = (
				3CD4326B291FB9FF0020B7FB /* TurboRAM */,
			);
		};
/* End PBXProject section */

/* Begin PBXResourcesBuildPhase section */
		3CD4326A291FB9FF0020B7FB /* Resources */ = {
			isa = PBXResourcesBuildPhase;
			buildActionMask = 2147483647;
			files = (
				3C7B54482B00C2DB008B6A97 /* GetProcessInfo.sh in Resources */,
				3C7B54492B00C2DB008B6A97 /* KillProcess.sh in Resources */,
				3C7B544A2B00C2DB008B6A97 /* GetMemoryPressure.sh in Resources */,
				3CD43277291FBA000020B7FB /* Preview Assets.xcassets in Resources */,
				3CD43274291FBA000020B7FB /* Assets.xcassets in Resources */,
			);
			runOnlyForDeploymentPostprocessing = 0;
		};
/* End PBXResourcesBuildPhase section */

/* Begin PBXSourcesBuildPhase section */
		3CD43268291FB9FF0020B7FB /* Sources */ = {
			isa = PBXSourcesBuildPhase;
			buildActionMask = 2147483647;
			files = (
				3C6ED5A02995EEA700096978 /* AppDelegate.swift in Sources */,
				3CA351912939A7E900E3735C /* SettingsView.swift in Sources */,
				3C5B8FDA2929551F004AC381 /* ProcessDetails.swift in Sources */,
				3CB5E64F298580520032D906 /* MenuBarView.swift in Sources */,
				3CD43272291FB9FF0020B7FB /* HomeView.swift in Sources */,
				3C2AB9DD298FD90800BC90B9 /* FinishSetupView.swift in Sources */,
				3C7B54462B00BA79008B6A97 /* GetMemoryPressure.sh in Sources */,
				3CD43270291FB9FF0020B7FB /* TurboRAMApp.swift in Sources */,
				3C6ED5A229969C2200096978 /* MainWindowManager.swift in Sources */,
				3C0D8D4A2982C27B00EBADE9 /* WarningView.swift in Sources */,
				3C2AB9D6298FB04900BC90B9 /* SetupView.swift in Sources */,
				3C60D4F52921ED1200283F91 /* MemoryInfoViewModel.swift in Sources */,
				3C6ED59E2995EE1500096978 /* MainWindow.swift in Sources */,
				3C2AB9DF298FE0E500BC90B9 /* SetupContainer.swift in Sources */,
			);
			runOnlyForDeploymentPostprocessing = 0;
		};
/* End PBXSourcesBuildPhase section */

/* Begin XCBuildConfiguration section */
		3CD43279291FBA000020B7FB /* Debug */ = {
			isa = XCBuildConfiguration;
			buildSettings = {
				ALWAYS_SEARCH_USER_PATHS = NO;
				CLANG_ANALYZER_NONNULL = YES;
				CLANG_ANALYZER_NUMBER_OBJECT_CONVERSION = YES_AGGRESSIVE;
				CLANG_CXX_LANGUAGE_STANDARD = "gnu++20";
				CLANG_ENABLE_MODULES = YES;
				CLANG_ENABLE_OBJC_ARC = YES;
				CLANG_ENABLE_OBJC_WEAK = YES;
				CLANG_WARN_BLOCK_CAPTURE_AUTORELEASING = YES;
				CLANG_WARN_BOOL_CONVERSION = YES;
				CLANG_WARN_COMMA = YES;
				CLANG_WARN_CONSTANT_CONVERSION = YES;
				CLANG_WARN_DEPRECATED_OBJC_IMPLEMENTATIONS = YES;
				CLANG_WARN_DIRECT_OBJC_ISA_USAGE = YES_ERROR;
				CLANG_WARN_DOCUMENTATION_COMMENTS = YES;
				CLANG_WARN_EMPTY_BODY = YES;
				CLANG_WARN_ENUM_CONVERSION = YES;
				CLANG_WARN_INFINITE_RECURSION = YES;
				CLANG_WARN_INT_CONVERSION = YES;
				CLANG_WARN_NON_LITERAL_NULL_CONVERSION = YES;
				CLANG_WARN_OBJC_IMPLICIT_RETAIN_SELF = YES;
				CLANG_WARN_OBJC_LITERAL_CONVERSION = YES;
				CLANG_WARN_OBJC_ROOT_CLASS = YES_ERROR;
				CLANG_WARN_QUOTED_INCLUDE_IN_FRAMEWORK_HEADER = YES;
				CLANG_WARN_RANGE_LOOP_ANALYSIS = YES;
				CLANG_WARN_STRICT_PROTOTYPES = YES;
				CLANG_WARN_SUSPICIOUS_MOVE = YES;
				CLANG_WARN_UNGUARDED_AVAILABILITY = YES_AGGRESSIVE;
				CLANG_WARN_UNREACHABLE_CODE = YES;
				CLANG_WARN__DUPLICATE_METHOD_MATCH = YES;
				COPY_PHASE_STRIP = NO;
				DEAD_CODE_STRIPPING = YES;
				DEBUG_INFORMATION_FORMAT = dwarf;
				ENABLE_STRICT_OBJC_MSGSEND = YES;
				ENABLE_TESTABILITY = YES;
				GCC_C_LANGUAGE_STANDARD = gnu11;
				GCC_DYNAMIC_NO_PIC = NO;
				GCC_NO_COMMON_BLOCKS = YES;
				GCC_OPTIMIZATION_LEVEL = 0;
				GCC_PREPROCESSOR_DEFINITIONS = (
					"DEBUG=1",
					"$(inherited)",
				);
				GCC_WARN_64_TO_32_BIT_CONVERSION = YES;
				GCC_WARN_ABOUT_RETURN_TYPE = YES_ERROR;
				GCC_WARN_UNDECLARED_SELECTOR = YES;
				GCC_WARN_UNINITIALIZED_AUTOS = YES_AGGRESSIVE;
				GCC_WARN_UNUSED_FUNCTION = YES;
				GCC_WARN_UNUSED_VARIABLE = YES;
				MACOSX_DEPLOYMENT_TARGET = 13.0;
				MTL_ENABLE_DEBUG_INFO = INCLUDE_SOURCE;
				MTL_FAST_MATH = YES;
				ONLY_ACTIVE_ARCH = YES;
				SDKROOT = macosx;
				SWIFT_ACTIVE_COMPILATION_CONDITIONS = DEBUG;
				SWIFT_OPTIMIZATION_LEVEL = "-Onone";
			};
			name = Debug;
		};
		3CD4327A291FBA000020B7FB /* Release */ = {
			isa = XCBuildConfiguration;
			buildSettings = {
				ALWAYS_SEARCH_USER_PATHS = NO;
				CLANG_ANALYZER_NONNULL = YES;
				CLANG_ANALYZER_NUMBER_OBJECT_CONVERSION = YES_AGGRESSIVE;
				CLANG_CXX_LANGUAGE_STANDARD = "gnu++20";
				CLANG_ENABLE_MODULES = YES;
				CLANG_ENABLE_OBJC_ARC = YES;
				CLANG_ENABLE_OBJC_WEAK = YES;
				CLANG_WARN_BLOCK_CAPTURE_AUTORELEASING = YES;
				CLANG_WARN_BOOL_CONVERSION = YES;
				CLANG_WARN_COMMA = YES;
				CLANG_WARN_CONSTANT_CONVERSION = YES;
				CLANG_WARN_DEPRECATED_OBJC_IMPLEMENTATIONS = YES;
				CLANG_WARN_DIRECT_OBJC_ISA_USAGE = YES_ERROR;
				CLANG_WARN_DOCUMENTATION_COMMENTS = YES;
				CLANG_WARN_EMPTY_BODY = YES;
				CLANG_WARN_ENUM_CONVERSION = YES;
				CLANG_WARN_INFINITE_RECURSION = YES;
				CLANG_WARN_INT_CONVERSION = YES;
				CLANG_WARN_NON_LITERAL_NULL_CONVERSION = YES;
				CLANG_WARN_OBJC_IMPLICIT_RETAIN_SELF = YES;
				CLANG_WARN_OBJC_LITERAL_CONVERSION = YES;
				CLANG_WARN_OBJC_ROOT_CLASS = YES_ERROR;
				CLANG_WARN_QUOTED_INCLUDE_IN_FRAMEWORK_HEADER = YES;
				CLANG_WARN_RANGE_LOOP_ANALYSIS = YES;
				CLANG_WARN_STRICT_PROTOTYPES = YES;
				CLANG_WARN_SUSPICIOUS_MOVE = YES;
				CLANG_WARN_UNGUARDED_AVAILABILITY = YES_AGGRESSIVE;
				CLANG_WARN_UNREACHABLE_CODE = YES;
				CLANG_WARN__DUPLICATE_METHOD_MATCH = YES;
				COPY_PHASE_STRIP = NO;
				DEAD_CODE_STRIPPING = YES;
				DEBUG_INFORMATION_FORMAT = "dwarf-with-dsym";
				ENABLE_NS_ASSERTIONS = NO;
				ENABLE_STRICT_OBJC_MSGSEND = YES;
				GCC_C_LANGUAGE_STANDARD = gnu11;
				GCC_NO_COMMON_BLOCKS = YES;
				GCC_WARN_64_TO_32_BIT_CONVERSION = YES;
				GCC_WARN_ABOUT_RETURN_TYPE = YES_ERROR;
				GCC_WARN_UNDECLARED_SELECTOR = YES;
				GCC_WARN_UNINITIALIZED_AUTOS = YES_AGGRESSIVE;
				GCC_WARN_UNUSED_FUNCTION = YES;
				GCC_WARN_UNUSED_VARIABLE = YES;
				MACOSX_DEPLOYMENT_TARGET = 13.0;
				MTL_ENABLE_DEBUG_INFO = NO;
				MTL_FAST_MATH = YES;
				SDKROOT = macosx;
				SWIFT_COMPILATION_MODE = wholemodule;
				SWIFT_OPTIMIZATION_LEVEL = "-O";
			};
			name = Release;
		};
		3CD4327C291FBA000020B7FB /* Debug */ = {
			isa = XCBuildConfiguration;
			buildSettings = {
				ASSETCATALOG_COMPILER_APPICON_NAME = AppIcon;
				ASSETCATALOG_COMPILER_GLOBAL_ACCENT_COLOR_NAME = AccentColor;
				CODE_SIGN_ENTITLEMENTS = TurboRAM/TurboRAM.entitlements;
				CODE_SIGN_IDENTITY = "-";
				"CODE_SIGN_IDENTITY[sdk=macosx*]" = "Apple Development";
				CODE_SIGN_STYLE = Automatic;
				COMBINE_HIDPI_IMAGES = YES;
				CURRENT_PROJECT_VERSION = 1;
				DEAD_CODE_STRIPPING = YES;
				DEVELOPMENT_ASSET_PATHS = "\"TurboRAM/Preview Content\"";
				DEVELOPMENT_TEAM = U57LJ9Q756;
				ENABLE_HARDENED_RUNTIME = YES;
				ENABLE_PREVIEWS = YES;
				GENERATE_INFOPLIST_FILE = YES;
				INFOPLIST_FILE = TurboRAM/Info.plist;
				INFOPLIST_KEY_CFBundleDisplayName = TurboRAM;
				INFOPLIST_KEY_LSApplicationCategoryType = "public.app-category.utilities";
				INFOPLIST_KEY_LSUIElement = YES;
				INFOPLIST_KEY_NSHumanReadableCopyright = "2023 Karandeep Singh";
				LD_RUNPATH_SEARCH_PATHS = (
					"$(inherited)",
					"@executable_path/../Frameworks",
				);
				MACOSX_DEPLOYMENT_TARGET = 13.0;
				MARKETING_VERSION = 1.2;
				PRODUCT_BUNDLE_IDENTIFIER = com.karandeepsingh.TurboRAM;
				PRODUCT_NAME = "$(TARGET_NAME)";
				SWIFT_EMIT_LOC_STRINGS = YES;
				SWIFT_VERSION = 5.0;
			};
			name = Debug;
		};
		3CD4327D291FBA000020B7FB /* Release */ = {
			isa = XCBuildConfiguration;
			buildSettings = {
				ASSETCATALOG_COMPILER_APPICON_NAME = AppIcon;
				ASSETCATALOG_COMPILER_GLOBAL_ACCENT_COLOR_NAME = AccentColor;
				CODE_SIGN_ENTITLEMENTS = TurboRAM/TurboRAM.entitlements;
				CODE_SIGN_IDENTITY = "-";
				"CODE_SIGN_IDENTITY[sdk=macosx*]" = "Apple Development";
				CODE_SIGN_STYLE = Automatic;
				COMBINE_HIDPI_IMAGES = YES;
				CURRENT_PROJECT_VERSION = 1;
				DEAD_CODE_STRIPPING = YES;
				DEVELOPMENT_ASSET_PATHS = "\"TurboRAM/Preview Content\"";
				DEVELOPMENT_TEAM = U57LJ9Q756;
				ENABLE_HARDENED_RUNTIME = YES;
				ENABLE_PREVIEWS = YES;
				GENERATE_INFOPLIST_FILE = YES;
				INFOPLIST_FILE = TurboRAM/Info.plist;
				INFOPLIST_KEY_CFBundleDisplayName = TurboRAM;
				INFOPLIST_KEY_LSApplicationCategoryType = "public.app-category.utilities";
				INFOPLIST_KEY_LSUIElement = YES;
				INFOPLIST_KEY_NSHumanReadableCopyright = "2023 Karandeep Singh";
				LD_RUNPATH_SEARCH_PATHS = (
					"$(inherited)",
					"@executable_path/../Frameworks",
				);
				MACOSX_DEPLOYMENT_TARGET = 13.0;
				MARKETING_VERSION = 1.2;
				PRODUCT_BUNDLE_IDENTIFIER = com.karandeepsingh.TurboRAM;
				PRODUCT_NAME = "$(TARGET_NAME)";
				SWIFT_EMIT_LOC_STRINGS = YES;
				SWIFT_VERSION = 5.0;
			};
			name = Release;
		};
/* End XCBuildConfiguration section */

/* Begin XCConfigurationList section */
		3CD43267291FB9FF0020B7FB /* Build configuration list for PBXProject "TurboRAM" */ = {
			isa = XCConfigurationList;
			buildConfigurations = (
				3CD43279291FBA000020B7FB /* Debug */,
				3CD4327A291FBA000020B7FB /* Release */,
			);
			defaultConfigurationIsVisible = 0;
			defaultConfigurationName = Release;
		};
		3CD4327B291FBA000020B7FB /* Build configuration list for PBXNativeTarget "TurboRAM" */ = {
			isa = XCConfigurationList;
			buildConfigurations = (
				3CD4327C291FBA000020B7FB /* Debug */,
				3CD4327D291FBA000020B7FB /* Release */,
			);
			defaultConfigurationIsVisible = 0;
			defaultConfigurationName = Release;
		};
/* End XCConfigurationList section */
	};
	rootObject = 3CD43264291FB9FF0020B7FB /* Project object */;
}
